<?xml version="1.0" encoding="utf-8"?>
<Project ToolsVersion="14.0" xmlns="http://schemas.microsoft.com/developer/msbuild/2003">
  <ItemGroup>
    <ClCompile Include="src\fhog.cpp">
      <Filter>Source Files</Filter>
    </ClCompile>
    <ClCompile Include="src\kcftracker.cpp">
      <Filter>Source Files</Filter>
    </ClCompile>
    <ClCompile Include="src\runtracker.cpp">
      <Filter>Source Files</Filter>
    </ClCompile>
  </ItemGroup>
  <ItemGroup>
    <Filter Include="Source Files">
      <UniqueIdentifier>{EAA61F80-79F4-3CBB-BC72-AEC1DB188191}</UniqueIdentifier>
    </Filter>
  </ItemGroup>
</Project>